
Microsoft Visual Studio Solution File, Format Version 12.00
# Visual Studio 15
VisualStudioVersion = 15.0.28307.572
MinimumVisualStudioVersion = 10.0.40219.1
Project("{9A19103F-16F7-4668-BE54-9A1E7A4F7556}") = "Library.Publisher.Api", "Library.Publisher.Api\Library.Publisher.Api.csproj", "{03B0E35F-4DDD-408C-BE65-84A6A3F0F4FE}"
EndProject
Project("{9A19103F-16F7-4668-BE54-9A1E7A4F7556}") = "Library.Publisher.Data", "Library.Publisher.Data\Library.Publisher.Data.csproj", "{28DFC4FC-75D3-4810-A44D-A281A2F950F8}"
EndProject
Project("{9A19103F-16F7-4668-BE54-9A1E7A4F7556}") = "Library.Publisher.Service", "Library.Publisher.Service\Library.Publisher.Service.csproj", "{6F919EFE-0B77-44BD-AFFC-A33C534DB4DF}"
EndProject
Project("{FAE04EC0-301F-11D3-BF4B-00C04F79EFBC}") = "Library.Publisher.Service.Tests", "Library.Publisher.Service.Tests\Library.Publisher.Service.Tests.csproj", "{170956E9-5D85-4687-9209-3AB138971684}"
EndProject
Global
	GlobalSection(SolutionConfigurationPlatforms) = preSolution
		Debug|Any CPU = Debug|Any CPU
		Release|Any CPU = Release|Any CPU
	EndGlobalSection
	GlobalSection(ProjectConfigurationPlatforms) = postSolution
		{03B0E35F-4DDD-408C-BE65-84A6A3F0F4FE}.Debug|Any CPU.ActiveCfg = Debug|Any CPU
		{03B0E35F-4DDD-408C-BE65-84A6A3F0F4FE}.Debug|Any CPU.Build.0 = Debug|Any CPU
		{03B0E35F-4DDD-408C-BE65-84A6A3F0F4FE}.Release|Any CPU.ActiveCfg = Release|Any CPU
		{03B0E35F-4DDD-408C-BE65-84A6A3F0F4FE}.Release|Any CPU.Build.0 = Release|Any CPU
		{28DFC4FC-75D3-4810-A44D-A281A2F950F8}.Debug|Any CPU.ActiveCfg = Debug|Any CPU
		{28DFC4FC-75D3-4810-A44D-A281A2F950F8}.Debug|Any CPU.Build.0 = Debug|Any CPU
		{28DFC4FC-75D3-4810-A44D-A281A2F950F8}.Release|Any CPU.ActiveCfg = Release|Any CPU
		{28DFC4FC-75D3-4810-A44D-A281A2F950F8}.Release|Any CPU.Build.0 = Release|Any CPU
		{6F919EFE-0B77-44BD-AFFC-A33C534DB4DF}.Debug|Any CPU.ActiveCfg = Debug|Any CPU
		{6F919EFE-0B77-44BD-AFFC-A33C534DB4DF}.Debug|Any CPU.Build.0 = Debug|Any CPU
		{6F919EFE-0B77-44BD-AFFC-A33C534DB4DF}.Release|Any CPU.ActiveCfg = Release|Any CPU
		{6F919EFE-0B77-44BD-AFFC-A33C534DB4DF}.Release|Any CPU.Build.0 = Release|Any CPU
		{170956E9-5D85-4687-9209-3AB138971684}.Debug|Any CPU.ActiveCfg = Debug|Any CPU
		{170956E9-5D85-4687-9209-3AB138971684}.Debug|Any CPU.Build.0 = Debug|Any CPU
		{170956E9-5D85-4687-9209-3AB138971684}.Release|Any CPU.ActiveCfg = Release|Any CPU
		{170956E9-5D85-4687-9209-3AB138971684}.Release|Any CPU.Build.0 = Release|Any CPU
	EndGlobalSection
	GlobalSection(SolutionProperties) = preSolution
		HideSolutionNode = FALSE
	EndGlobalSection
	GlobalSection(ExtensibilityGlobals) = postSolution
		SolutionGuid = {000879DD-CAF2-4BE3-A481-56C42E07CB1C}
	EndGlobalSection
EndGlobal
